schema: '2.0'
stages:
  data_ingestion:
    cmd: python src/data_preprocess/data_ingestion.py
    deps:
    - path: src/connections/s3_connections.py
      hash: md5
      md5: d7faff80991e7397f480140e22d8e889
      size: 2669
    - path: src/data_preprocess/data_ingestion.py
      hash: md5
      md5: f394e7979f6febcb07389bfdb8436cf3
      size: 3627
    outs:
    - path: data/ingested/data.xlsx
      hash: md5
      md5: 778e493eeb51d80679fe81b7d835d017
      size: 4102981
  data_preprocessing:
    cmd: python src/data_preprocess/data_preprocessing.py
    deps:
    - path: data/ingested/data.xlsx
      hash: md5
      md5: 778e493eeb51d80679fe81b7d835d017
      size: 4102981
    - path: src/data_preprocess/data_preprocessing.py
      hash: md5
      md5: 4d0ae692331e80242f16870e94d2ea4d
      size: 2880
    outs:
    - path: data/processed/data.csv
      hash: md5
      md5: 5146c5dfa1e040c9828af1004024cd6f
      size: 6068313
  feature_engineering:
    cmd: python src/feature_engineering/feature_engineering.py
    deps:
    - path: data/processed/data.csv
      hash: md5
      md5: 5146c5dfa1e040c9828af1004024cd6f
      size: 6068313
    - path: src/connections/s3_connections.py
      hash: md5
      md5: d7faff80991e7397f480140e22d8e889
      size: 2669
    - path: src/feature_engineering/feature_engineering.py
      hash: md5
      md5: 8139ccae612c6f0e676407acd8bd7415
      size: 3928
    outs:
    - path: data/interim/X_test.csv
      hash: md5
      md5: eab04a907512937954b4dfc1d6cdc017
      size: 1618042
    - path: data/interim/X_train.csv
      hash: md5
      md5: 26da4f58055aaf40b52b8c57ec2b5925
      size: 6483455
    - path: data/interim/y_test.csv
      hash: md5
      md5: 1e253c55d217effed3d8fd672c11a0a7
      size: 45464
    - path: data/interim/y_train.csv
      hash: md5
      md5: 38892f25108d5016cb06549f61dcc80a
      size: 181928
    - path: data/visualization_data/data.csv
      hash: md5
      md5: 118dae5af1919d153d834cd1616543f8
      size: 8303859
  data_transformation:
    cmd: python src/data_transformation/data_transformation.py
    deps:
    - path: data/processed/data.csv
      hash: md5
      md5: 5146c5dfa1e040c9828af1004024cd6f
      size: 6068313
    - path: src/data_transformation/data_transformation.py
      hash: md5
      md5: eb25bc29ce61ecbec025b4bb66985bfa
      size: 4021
    outs:
    - path: data/transformed/X_test.csv
      hash: md5
      md5: e651cd36a553b95458cf2f7a112bfc80
      size: 725403
    - path: data/transformed/X_train.csv
      hash: md5
      md5: 7f66812b669c5ddca143c476f8903973
      size: 2898834
    - path: data/transformed/y_test.csv
      hash: md5
      md5: 1e253c55d217effed3d8fd672c11a0a7
      size: 45464
    - path: data/transformed/y_train.csv
      hash: md5
      md5: 38892f25108d5016cb06549f61dcc80a
      size: 181928
    - path: models/transformer.pkl
      hash: md5
      md5: 0888c51871d8fe262be875276ab67fc6
      size: 4464
  model_training:
    cmd: python src/model/model_trainer.py
    deps:
    - path: data/transformed/X_train.csv
      hash: md5
      md5: 7f66812b669c5ddca143c476f8903973
      size: 2898834
    - path: data/transformed/y_train.csv
      hash: md5
      md5: 38892f25108d5016cb06549f61dcc80a
      size: 181928
    - path: src/model/model_trainer.py
      hash: md5
      md5: 5bec74613cc0817c1e7f15e675c0462e
      size: 3045
    outs:
    - path: models/model.pkl
      hash: md5
      md5: d67691e96594f9a5bea5895765a2e0f9
      size: 373646993
  model_evaluation:
    cmd: python src/model/model_evaluation.py
    deps:
    - path: data/transformed/X_test.csv
      hash: md5
      md5: e651cd36a553b95458cf2f7a112bfc80
      size: 725403
    - path: data/transformed/y_test.csv
      hash: md5
      md5: 1e253c55d217effed3d8fd672c11a0a7
      size: 45464
    - path: models/model.pkl
      hash: md5
      md5: d67691e96594f9a5bea5895765a2e0f9
      size: 373646993
    - path: src/model/model_evaluation.py
      hash: md5
      md5: f52f110e6feaf56b64e9d61bea77142c
      size: 5345
  register_model:
    cmd: python src/model/register_model.py
    deps:
    - path: src/model/register_model.py
      hash: md5
      md5: 2531ae4ba45a9b1e7380f777f072ce7c
      size: 3106
