schema: '2.0'
stages:
  data_ingestion:
    cmd: python src/data_preprocess/data_ingestion.py
    deps:
    - path: src/connections/s3_connections.py
      hash: md5
      md5: d7faff80991e7397f480140e22d8e889
      size: 2669
    - path: src/data_preprocess/data_ingestion.py
      hash: md5
      md5: f394e7979f6febcb07389bfdb8436cf3
      size: 3627
    outs:
    - path: data/ingested/data.xlsx
      hash: md5
      md5: 9ff344150ff292be2b9c61f4c771f33a
      size: 4102981
  data_preprocessing:
    cmd: python src/data_preprocess/data_preprocessing.py
    deps:
    - path: data/ingested/data.xlsx
      hash: md5
      md5: 9ff344150ff292be2b9c61f4c771f33a
      size: 4102981
    - path: src/data_preprocess/data_preprocessing.py
      hash: md5
      md5: 4d0ae692331e80242f16870e94d2ea4d
      size: 2880
    outs:
    - path: data/processed/data.csv
      hash: md5
      md5: 67159064546fb5299ce9c315c1396690
      size: 6069446
  feature_engineering:
    cmd: python src/feature_engineering/feature_engineering.py
    deps:
    - path: data/processed/data.csv
      hash: md5
      md5: 67159064546fb5299ce9c315c1396690
      size: 6069446
    - path: src/connections/s3_connections.py
      hash: md5
      md5: d7faff80991e7397f480140e22d8e889
      size: 2669
    - path: src/feature_engineering/feature_engineering.py
      hash: md5
      md5: 7d7b27960f9ee4b4fba7b308f56e2e30
      size: 3985
    outs:
    - path: data/interim/X_test.csv
      hash: md5
      md5: 01f2833bfec8cbc5a4e614aee28d458c
      size: 1620269
    - path: data/interim/X_train.csv
      hash: md5
      md5: 7901f40b2fb0dcdd2648349a664b7d0b
      size: 6482675
    - path: data/interim/y_test.csv
      hash: md5
      md5: 966792d94a266615cd09483303741daa
      size: 45519
    - path: data/interim/y_train.csv
      hash: md5
      md5: a1f5ee20c68ff1e977814c7812ec156a
      size: 181918
    - path: data/visualization_data/data.csv
      hash: md5
      md5: 4b5c18f5e6213dbbdf6b6dd3feaf41d6
      size: 8305349
  data_transformation:
    cmd: python src/data_transformation/data_transformation.py
    deps:
    - path: data/processed/data.csv
      hash: md5
      md5: 67159064546fb5299ce9c315c1396690
      size: 6069446
    - path: src/data_transformation/data_transformation.py
      hash: md5
      md5: 8a42a6be4838f2011f400e73a1796c77
      size: 4018
    outs:
    - path: data/transformed/X_test.csv
      hash: md5
      md5: 19c8ff858609ee9596949446b9009be9
      size: 725333
    - path: data/transformed/X_train.csv
      hash: md5
      md5: da441bbb7fadbcfb7dfbd3911ac651c3
      size: 2899612
    - path: data/transformed/y_test.csv
      hash: md5
      md5: 966792d94a266615cd09483303741daa
      size: 45519
    - path: data/transformed/y_train.csv
      hash: md5
      md5: a1f5ee20c68ff1e977814c7812ec156a
      size: 181918
    - path: models/transformer.pkl
      hash: md5
      md5: 519e82e823e4e88db28f2f2a17242834
      size: 4455
  model_training:
    cmd: python src/model/model_trainer.py
    deps:
    - path: data/transformed/X_train.csv
      hash: md5
      md5: da441bbb7fadbcfb7dfbd3911ac651c3
      size: 2899612
    - path: data/transformed/y_train.csv
      hash: md5
      md5: a1f5ee20c68ff1e977814c7812ec156a
      size: 181918
    - path: src/model/model_trainer.py
      hash: md5
      md5: 5bec74613cc0817c1e7f15e675c0462e
      size: 3045
    outs:
    - path: models/model.pkl
      hash: md5
      md5: b600a27f7a27758b8c62d4e6f3161224
      size: 374065889
  model_evaluation:
    cmd: python src/model/model_evaluation.py
    deps:
    - path: data/transformed/X_test.csv
      hash: md5
      md5: 19c8ff858609ee9596949446b9009be9
      size: 725333
    - path: data/transformed/y_test.csv
      hash: md5
      md5: 966792d94a266615cd09483303741daa
      size: 45519
    - path: models/model.pkl
      hash: md5
      md5: b600a27f7a27758b8c62d4e6f3161224
      size: 374065889
    - path: src/model/model_evaluation.py
      hash: md5
      md5: f52f110e6feaf56b64e9d61bea77142c
      size: 5345
  register_model:
    cmd: python src/model/register_model.py
    deps:
    - path: src/model/register_model.py
      hash: md5
      md5: 2531ae4ba45a9b1e7380f777f072ce7c
      size: 3106
